
Microsoft Visual Studio Solution File, Format Version 12.00
# Visual Studio Version 16
VisualStudioVersion = 16.0.30002.166
MinimumVisualStudioVersion = 10.0.40219.1
Project("{FAE04EC0-301F-11D3-BF4B-00C04F79EFBC}") = "Emlakproje", "Emlak_Proje\Emlakproje.csproj", "{BF8BCF8F-FABE-48DE-808E-600738065FD0}"
EndProject
Global
	GlobalSection(SolutionConfigurationPlatforms) = preSolution
		Debug|x86 = Debug|x86
		Release|x86 = Release|x86
	EndGlobalSection
	GlobalSection(ProjectConfigurationPlatforms) = postSolution
		{BF8BCF8F-FABE-48DE-808E-600738065FD0}.Debug|x86.ActiveCfg = Debug|x86
		{BF8BCF8F-FABE-48DE-808E-600738065FD0}.Debug|x86.Build.0 = Debug|x86
		{BF8BCF8F-FABE-48DE-808E-600738065FD0}.Release|x86.ActiveCfg = Release|x86
		{BF8BCF8F-FABE-48DE-808E-600738065FD0}.Release|x86.Build.0 = Release|x86
	EndGlobalSection
	GlobalSection(SolutionProperties) = preSolution
		HideSolutionNode = FALSE
	EndGlobalSection
	GlobalSection(ExtensibilityGlobals) = postSolution
		SolutionGuid = {DD3B624C-CEAD-4AEA-964A-EDC29E8AE003}
	EndGlobalSection
EndGlobal
